
Microsoft Visual Studio Solution File, Format Version 12.00
# Visual Studio Version 16
VisualStudioVersion = 16.0.30804.86
MinimumVisualStudioVersion = 10.0.40219.1
Project("{FAE04EC0-301F-11D3-BF4B-00C04F79EFBC}") = "BTD6 Cave Monkey In Shop", "BTD6 Cave Monkey In Shop\BTD6 Cave Monkey In Shop.csproj", "{D17257E0-5983-4097-AA12-F6C63D9C5EA3}"
EndProject
Global
	GlobalSection(SolutionConfigurationPlatforms) = preSolution
		Debug|Any CPU = Debug|Any CPU
		Release|Any CPU = Release|Any CPU
	EndGlobalSection
	GlobalSection(ProjectConfigurationPlatforms) = postSolution
		{D17257E0-5983-4097-AA12-F6C63D9C5EA3}.Debug|Any CPU.ActiveCfg = Debug|Any CPU
		{D17257E0-5983-4097-AA12-F6C63D9C5EA3}.Debug|Any CPU.Build.0 = Debug|Any CPU
		{D17257E0-5983-4097-AA12-F6C63D9C5EA3}.Release|Any CPU.ActiveCfg = Release|Any CPU
		{D17257E0-5983-4097-AA12-F6C63D9C5EA3}.Release|Any CPU.Build.0 = Release|Any CPU
	EndGlobalSection
	GlobalSection(SolutionProperties) = preSolution
		HideSolutionNode = FALSE
	EndGlobalSection
	GlobalSection(ExtensibilityGlobals) = postSolution
		SolutionGuid = {CE190A19-C8E2-45B0-9773-F978E9623247}
	EndGlobalSection
EndGlobal
